
Microsoft Visual Studio Solution File, Format Version 12.00
# Visual Studio Version 16
VisualStudioVersion = 16.0.31424.327
MinimumVisualStudioVersion = 10.0.40219.1
Project("{FAE04EC0-301F-11D3-BF4B-00C04F79EFBC}") = "ATM_ConsoleApp", "ATM_ConsoleApp.csproj", "{D4CCA017-D18E-411E-80FC-E8DEAB66C1E3}"
EndProject
Global
	GlobalSection(SolutionConfigurationPlatforms) = preSolution
		Debug|Any CPU = Debug|Any CPU
		Release|Any CPU = Release|Any CPU
	EndGlobalSection
	GlobalSection(ProjectConfigurationPlatforms) = postSolution
		{D4CCA017-D18E-411E-80FC-E8DEAB66C1E3}.Debug|Any CPU.ActiveCfg = Debug|Any CPU
		{D4CCA017-D18E-411E-80FC-E8DEAB66C1E3}.Debug|Any CPU.Build.0 = Debug|Any CPU
		{D4CCA017-D18E-411E-80FC-E8DEAB66C1E3}.Release|Any CPU.ActiveCfg = Release|Any CPU
		{D4CCA017-D18E-411E-80FC-E8DEAB66C1E3}.Release|Any CPU.Build.0 = Release|Any CPU
	EndGlobalSection
	GlobalSection(SolutionProperties) = preSolution
		HideSolutionNode = FALSE
	EndGlobalSection
	GlobalSection(ExtensibilityGlobals) = postSolution
		SolutionGuid = {3271963E-4863-4B9F-9B5E-1C1BE81B8F82}
	EndGlobalSection
EndGlobal
